
Microsoft Visual Studio Solution File, Format Version 12.00
# Visual Studio Version 16
VisualStudioVersion = 16.0.31005.135
MinimumVisualStudioVersion = 10.0.40219.1
Project("{FAE04EC0-301F-11D3-BF4B-00C04F79EFBC}") = "RoutingWithBikes", "RoutingWithBikes\RoutingWithBikes.csproj", "{F6B3C627-003B-4F35-A3A1-B0E1E90CFC8D}"
EndProject
Project("{FAE04EC0-301F-11D3-BF4B-00C04F79EFBC}") = "HostedRoutingWithBikes", "HostedRoutingWithBikes\HostedRoutingWithBikes.csproj", "{1923E4F5-15D9-44BD-BA3C-A5D488816232}"
EndProject
Global
	GlobalSection(SolutionConfigurationPlatforms) = preSolution
		Debug|Any CPU = Debug|Any CPU
		Release|Any CPU = Release|Any CPU
	EndGlobalSection
	GlobalSection(ProjectConfigurationPlatforms) = postSolution
		{F6B3C627-003B-4F35-A3A1-B0E1E90CFC8D}.Debug|Any CPU.ActiveCfg = Debug|Any CPU
		{F6B3C627-003B-4F35-A3A1-B0E1E90CFC8D}.Debug|Any CPU.Build.0 = Debug|Any CPU
		{F6B3C627-003B-4F35-A3A1-B0E1E90CFC8D}.Release|Any CPU.ActiveCfg = Release|Any CPU
		{F6B3C627-003B-4F35-A3A1-B0E1E90CFC8D}.Release|Any CPU.Build.0 = Release|Any CPU
		{1923E4F5-15D9-44BD-BA3C-A5D488816232}.Debug|Any CPU.ActiveCfg = Debug|Any CPU
		{1923E4F5-15D9-44BD-BA3C-A5D488816232}.Debug|Any CPU.Build.0 = Debug|Any CPU
		{1923E4F5-15D9-44BD-BA3C-A5D488816232}.Release|Any CPU.ActiveCfg = Release|Any CPU
		{1923E4F5-15D9-44BD-BA3C-A5D488816232}.Release|Any CPU.Build.0 = Release|Any CPU
	EndGlobalSection
	GlobalSection(SolutionProperties) = preSolution
		HideSolutionNode = FALSE
	EndGlobalSection
	GlobalSection(ExtensibilityGlobals) = postSolution
		SolutionGuid = {FDE5A391-3C84-456E-88A7-3C623175597A}
	EndGlobalSection
EndGlobal
